// !$*UTF8*$!
{
	archiveVersion = 1;
	classes = {
	};
	objectVersion = 55;
	objects = {

/* Begin PBXBuildFile section */
		52B412DD289707D300CB25AF /* AppDelegate.swift in Sources */ = {isa = PBXBuildFile; fileRef = 52B412DC289707D300CB25AF /* AppDelegate.swift */; };
		52B412E6289707D400CB25AF /* Assets.xcassets in Resources */ = {isa = PBXBuildFile; fileRef = 52B412E5289707D400CB25AF /* Assets.xcassets */; };
		52B412E9289707D400CB25AF /* LaunchScreen.storyboard in Resources */ = {isa = PBXBuildFile; fileRef = 52B412E7289707D400CB25AF /* LaunchScreen.storyboard */; };
		52B412F72897099200CB25AF /* AppCoordinator.swift in Sources */ = {isa = PBXBuildFile; fileRef = 52B412F62897099200CB25AF /* AppCoordinator.swift */; };
		52B412F9289709DE00CB25AF /* BaseViewModel.swift in Sources */ = {isa = PBXBuildFile; fileRef = 52B412F8289709DE00CB25AF /* BaseViewModel.swift */; };
		52B412FB289709F000CB25AF /* BaseNavigationController.swift in Sources */ = {isa = PBXBuildFile; fileRef = 52B412FA289709F000CB25AF /* BaseNavigationController.swift */; };
		52B4130128970ABF00CB25AF /* AccountProtocol.swift in Sources */ = {isa = PBXBuildFile; fileRef = 52B4130028970ABF00CB25AF /* AccountProtocol.swift */; };
		52B4130328970ADD00CB25AF /* Helper.swift in Sources */ = {isa = PBXBuildFile; fileRef = 52B4130228970ADD00CB25AF /* Helper.swift */; };
		52B4130528970AEF00CB25AF /* Storyboarded.swift in Sources */ = {isa = PBXBuildFile; fileRef = 52B4130428970AEF00CB25AF /* Storyboarded.swift */; };
		52B4130728970B3800CB25AF /* UITableView.swift in Sources */ = {isa = PBXBuildFile; fileRef = 52B4130628970B3800CB25AF /* UITableView.swift */; };
		52B4130928970BF600CB25AF /* UIView+Additions.swift in Sources */ = {isa = PBXBuildFile; fileRef = 52B4130828970BF600CB25AF /* UIView+Additions.swift */; };
		52B4130E28970CD500CB25AF /* Coordinator.swift in Sources */ = {isa = PBXBuildFile; fileRef = 52B4130D28970CD500CB25AF /* Coordinator.swift */; };
		52B4131128970D8600CB25AF /* Reachability.swift in Sources */ = {isa = PBXBuildFile; fileRef = 52B4131028970D8600CB25AF /* Reachability.swift */; };
/* End PBXBuildFile section */

/* Begin PBXFileReference section */
		52B412D9289707D300CB25AF /* RandomUsers.app */ = {isa = PBXFileReference; explicitFileType = wrapper.application; includeInIndex = 0; path = RandomUsers.app; sourceTree = BUILT_PRODUCTS_DIR; };
		52B412DC289707D300CB25AF /* AppDelegate.swift */ = {isa = PBXFileReference; lastKnownFileType = sourcecode.swift; path = AppDelegate.swift; sourceTree = "<group>"; };
		52B412E5289707D400CB25AF /* Assets.xcassets */ = {isa = PBXFileReference; lastKnownFileType = folder.assetcatalog; path = Assets.xcassets; sourceTree = "<group>"; };
		52B412E8289707D400CB25AF /* Base */ = {isa = PBXFileReference; lastKnownFileType = file.storyboard; name = Base; path = Base.lproj/LaunchScreen.storyboard; sourceTree = "<group>"; };
		52B412EA289707D400CB25AF /* Info.plist */ = {isa = PBXFileReference; lastKnownFileType = text.plist.xml; path = Info.plist; sourceTree = "<group>"; };
		52B412F62897099200CB25AF /* AppCoordinator.swift */ = {isa = PBXFileReference; lastKnownFileType = sourcecode.swift; path = AppCoordinator.swift; sourceTree = "<group>"; };
		52B412F8289709DE00CB25AF /* BaseViewModel.swift */ = {isa = PBXFileReference; lastKnownFileType = sourcecode.swift; path = BaseViewModel.swift; sourceTree = "<group>"; };
		52B412FA289709F000CB25AF /* BaseNavigationController.swift */ = {isa = PBXFileReference; lastKnownFileType = sourcecode.swift; path = BaseNavigationController.swift; sourceTree = "<group>"; };
		52B4130028970ABF00CB25AF /* AccountProtocol.swift */ = {isa = PBXFileReference; lastKnownFileType = sourcecode.swift; path = AccountProtocol.swift; sourceTree = "<group>"; };
		52B4130228970ADD00CB25AF /* Helper.swift */ = {isa = PBXFileReference; lastKnownFileType = sourcecode.swift; path = Helper.swift; sourceTree = "<group>"; };
		52B4130428970AEF00CB25AF /* Storyboarded.swift */ = {isa = PBXFileReference; lastKnownFileType = sourcecode.swift; path = Storyboarded.swift; sourceTree = "<group>"; };
		52B4130628970B3800CB25AF /* UITableView.swift */ = {isa = PBXFileReference; lastKnownFileType = sourcecode.swift; path = UITableView.swift; sourceTree = "<group>"; };
		52B4130828970BF600CB25AF /* UIView+Additions.swift */ = {isa = PBXFileReference; lastKnownFileType = sourcecode.swift; path = "UIView+Additions.swift"; sourceTree = "<group>"; };
		52B4130D28970CD500CB25AF /* Coordinator.swift */ = {isa = PBXFileReference; lastKnownFileType = sourcecode.swift; path = Coordinator.swift; sourceTree = "<group>"; };
		52B4131028970D8600CB25AF /* Reachability.swift */ = {isa = PBXFileReference; lastKnownFileType = sourcecode.swift; path = Reachability.swift; sourceTree = "<group>"; };
/* End PBXFileReference section */

/* Begin PBXFrameworksBuildPhase section */
		52B412D6289707D300CB25AF /* Frameworks */ = {
			isa = PBXFrameworksBuildPhase;
			buildActionMask = 2147483647;
			files = (
			);
			runOnlyForDeploymentPostprocessing = 0;
		};
/* End PBXFrameworksBuildPhase section */

/* Begin PBXGroup section */
		52B412D0289707D300CB25AF = {
			isa = PBXGroup;
			children = (
				52B412DB289707D300CB25AF /* RandomUsers */,
				52B412DA289707D300CB25AF /* Products */,
			);
			sourceTree = "<group>";
		};
		52B412DA289707D300CB25AF /* Products */ = {
			isa = PBXGroup;
			children = (
				52B412D9289707D300CB25AF /* RandomUsers.app */,
			);
			name = Products;
			sourceTree = "<group>";
		};
		52B412DB289707D300CB25AF /* RandomUsers */ = {
			isa = PBXGroup;
			children = (
				52B4130F28970D7000CB25AF /* CustomClasses */,
				52B412F52897094B00CB25AF /* Utilities */,
				52B412F42897093B00CB25AF /* Extensions */,
				52B412F32897090A00CB25AF /* Base */,
				52B412F22897090500CB25AF /* App */,
				52B412F1289708FF00CB25AF /* Model */,
				52B412F0289708F700CB25AF /* Network */,
				52B412DC289707D300CB25AF /* AppDelegate.swift */,
				52B412E5289707D400CB25AF /* Assets.xcassets */,
				52B412E7289707D400CB25AF /* LaunchScreen.storyboard */,
				52B412EA289707D400CB25AF /* Info.plist */,
			);
			path = RandomUsers;
			sourceTree = "<group>";
		};
		52B412F0289708F700CB25AF /* Network */ = {
			isa = PBXGroup;
			children = (
			);
			path = Network;
			sourceTree = "<group>";
		};
		52B412F1289708FF00CB25AF /* Model */ = {
			isa = PBXGroup;
			children = (
			);
			path = Model;
			sourceTree = "<group>";
		};
		52B412F22897090500CB25AF /* App */ = {
			isa = PBXGroup;
			children = (
			);
			path = App;
			sourceTree = "<group>";
		};
		52B412F32897090A00CB25AF /* Base */ = {
			isa = PBXGroup;
			children = (
				52B412F62897099200CB25AF /* AppCoordinator.swift */,
				52B412F8289709DE00CB25AF /* BaseViewModel.swift */,
				52B412FA289709F000CB25AF /* BaseNavigationController.swift */,
				52B4130D28970CD500CB25AF /* Coordinator.swift */,
			);
			path = Base;
			sourceTree = "<group>";
		};
		52B412F42897093B00CB25AF /* Extensions */ = {
			isa = PBXGroup;
			children = (
				52B4130028970ABF00CB25AF /* AccountProtocol.swift */,
				52B4130228970ADD00CB25AF /* Helper.swift */,
				52B4130428970AEF00CB25AF /* Storyboarded.swift */,
				52B4130628970B3800CB25AF /* UITableView.swift */,
				52B4130828970BF600CB25AF /* UIView+Additions.swift */,
			);
			path = Extensions;
			sourceTree = "<group>";
		};
		52B412F52897094B00CB25AF /* Utilities */ = {
			isa = PBXGroup;
			children = (
			);
			path = Utilities;
			sourceTree = "<group>";
		};
		52B4130F28970D7000CB25AF /* CustomClasses */ = {
			isa = PBXGroup;
			children = (
				52B4131028970D8600CB25AF /* Reachability.swift */,
			);
			path = CustomClasses;
			sourceTree = "<group>";
		};
/* End PBXGroup section */

/* Begin PBXNativeTarget section */
		52B412D8289707D300CB25AF /* RandomUsers */ = {
			isa = PBXNativeTarget;
			buildConfigurationList = 52B412ED289707D400CB25AF /* Build configuration list for PBXNativeTarget "RandomUsers" */;
			buildPhases = (
				52B412D5289707D300CB25AF /* Sources */,
				52B412D6289707D300CB25AF /* Frameworks */,
				52B412D7289707D300CB25AF /* Resources */,
			);
			buildRules = (
			);
			dependencies = (
			);
			name = RandomUsers;
			productName = RandomUsers;
			productReference = 52B412D9289707D300CB25AF /* RandomUsers.app */;
			productType = "com.apple.product-type.application";
		};
/* End PBXNativeTarget section */

/* Begin PBXProject section */
		52B412D1289707D300CB25AF /* Project object */ = {
			isa = PBXProject;
			attributes = {
				BuildIndependentTargetsInParallel = 1;
				LastSwiftUpdateCheck = 1340;
				LastUpgradeCheck = 1340;
				TargetAttributes = {
					52B412D8289707D300CB25AF = {
						CreatedOnToolsVersion = 13.4;
					};
				};
			};
			buildConfigurationList = 52B412D4289707D300CB25AF /* Build configuration list for PBXProject "RandomUsers" */;
			compatibilityVersion = "Xcode 13.0";
			developmentRegion = en;
			hasScannedForEncodings = 0;
			knownRegions = (
				en,
				Base,
			);
			mainGroup = 52B412D0289707D300CB25AF;
			productRefGroup = 52B412DA289707D300CB25AF /* Products */;
			projectDirPath = "";
			projectRoot = "";
			targets = (
				52B412D8289707D300CB25AF /* RandomUsers */,
			);
		};
/* End PBXProject section */

/* Begin PBXResourcesBuildPhase section */
		52B412D7289707D300CB25AF /* Resources */ = {
			isa = PBXResourcesBuildPhase;
			buildActionMask = 2147483647;
			files = (
				52B412E9289707D400CB25AF /* LaunchScreen.storyboard in Resources */,
				52B412E6289707D400CB25AF /* Assets.xcassets in Resources */,
			);
			runOnlyForDeploymentPostprocessing = 0;
		};
/* End PBXResourcesBuildPhase section */

/* Begin PBXSourcesBuildPhase section */
		52B412D5289707D300CB25AF /* Sources */ = {
			isa = PBXSourcesBuildPhase;
			buildActionMask = 2147483647;
			files = (
				52B412FB289709F000CB25AF /* BaseNavigationController.swift in Sources */,
				52B412F72897099200CB25AF /* AppCoordinator.swift in Sources */,
				52B4130E28970CD500CB25AF /* Coordinator.swift in Sources */,
				52B412DD289707D300CB25AF /* AppDelegate.swift in Sources */,
				52B412F9289709DE00CB25AF /* BaseViewModel.swift in Sources */,
				52B4130928970BF600CB25AF /* UIView+Additions.swift in Sources */,
				52B4130528970AEF00CB25AF /* Storyboarded.swift in Sources */,
				52B4131128970D8600CB25AF /* Reachability.swift in Sources */,
				52B4130728970B3800CB25AF /* UITableView.swift in Sources */,
				52B4130128970ABF00CB25AF /* AccountProtocol.swift in Sources */,
				52B4130328970ADD00CB25AF /* Helper.swift in Sources */,
			);
			runOnlyForDeploymentPostprocessing = 0;
		};
/* End PBXSourcesBuildPhase section */

/* Begin PBXVariantGroup section */
		52B412E7289707D400CB25AF /* LaunchScreen.storyboard */ = {
			isa = PBXVariantGroup;
			children = (
				52B412E8289707D400CB25AF /* Base */,
			);
			name = LaunchScreen.storyboard;
			sourceTree = "<group>";
		};
/* End PBXVariantGroup section */

/* Begin XCBuildConfiguration section */
		52B412EB289707D400CB25AF /* Debug */ = {
			isa = XCBuildConfiguration;
			buildSettings = {
				ALWAYS_SEARCH_USER_PATHS = NO;
				CLANG_ANALYZER_NONNULL = YES;
				CLANG_ANALYZER_NUMBER_OBJECT_CONVERSION = YES_AGGRESSIVE;
				CLANG_CXX_LANGUAGE_STANDARD = "gnu++17";
				CLANG_ENABLE_MODULES = YES;
				CLANG_ENABLE_OBJC_ARC = YES;
				CLANG_ENABLE_OBJC_WEAK = YES;
				CLANG_WARN_BLOCK_CAPTURE_AUTORELEASING = YES;
				CLANG_WARN_BOOL_CONVERSION = YES;
				CLANG_WARN_COMMA = YES;
				CLANG_WARN_CONSTANT_CONVERSION = YES;
				CLANG_WARN_DEPRECATED_OBJC_IMPLEMENTATIONS = YES;
				CLANG_WARN_DIRECT_OBJC_ISA_USAGE = YES_ERROR;
				CLANG_WARN_DOCUMENTATION_COMMENTS = YES;
				CLANG_WARN_EMPTY_BODY = YES;
				CLANG_WARN_ENUM_CONVERSION = YES;
				CLANG_WARN_INFINITE_RECURSION = YES;
				CLANG_WARN_INT_CONVERSION = YES;
				CLANG_WARN_NON_LITERAL_NULL_CONVERSION = YES;
				CLANG_WARN_OBJC_IMPLICIT_RETAIN_SELF = YES;
				CLANG_WARN_OBJC_LITERAL_CONVERSION = YES;
				CLANG_WARN_OBJC_ROOT_CLASS = YES_ERROR;
				CLANG_WARN_QUOTED_INCLUDE_IN_FRAMEWORK_HEADER = YES;
				CLANG_WARN_RANGE_LOOP_ANALYSIS = YES;
				CLANG_WARN_STRICT_PROTOTYPES = YES;
				CLANG_WARN_SUSPICIOUS_MOVE = YES;
				CLANG_WARN_UNGUARDED_AVAILABILITY = YES_AGGRESSIVE;
				CLANG_WARN_UNREACHABLE_CODE = YES;
				CLANG_WARN__DUPLICATE_METHOD_MATCH = YES;
				COPY_PHASE_STRIP = NO;
				DEBUG_INFORMATION_FORMAT = dwarf;
				ENABLE_STRICT_OBJC_MSGSEND = YES;
				ENABLE_TESTABILITY = YES;
				GCC_C_LANGUAGE_STANDARD = gnu11;
				GCC_DYNAMIC_NO_PIC = NO;
				GCC_NO_COMMON_BLOCKS = YES;
				GCC_OPTIMIZATION_LEVEL = 0;
				GCC_PREPROCESSOR_DEFINITIONS = (
					"DEBUG=1",
					"$(inherited)",
				);
				GCC_WARN_64_TO_32_BIT_CONVERSION = YES;
				GCC_WARN_ABOUT_RETURN_TYPE = YES_ERROR;
				GCC_WARN_UNDECLARED_SELECTOR = YES;
				GCC_WARN_UNINITIALIZED_AUTOS = YES_AGGRESSIVE;
				GCC_WARN_UNUSED_FUNCTION = YES;
				GCC_WARN_UNUSED_VARIABLE = YES;
				IPHONEOS_DEPLOYMENT_TARGET = 15.5;
				MTL_ENABLE_DEBUG_INFO = INCLUDE_SOURCE;
				MTL_FAST_MATH = YES;
				ONLY_ACTIVE_ARCH = YES;
				SDKROOT = iphoneos;
				SWIFT_ACTIVE_COMPILATION_CONDITIONS = DEBUG;
				SWIFT_OPTIMIZATION_LEVEL = "-Onone";
			};
			name = Debug;
		};
		52B412EC289707D400CB25AF /* Release */ = {
			isa = XCBuildConfiguration;
			buildSettings = {
				ALWAYS_SEARCH_USER_PATHS = NO;
				CLANG_ANALYZER_NONNULL = YES;
				CLANG_ANALYZER_NUMBER_OBJECT_CONVERSION = YES_AGGRESSIVE;
				CLANG_CXX_LANGUAGE_STANDARD = "gnu++17";
				CLANG_ENABLE_MODULES = YES;
				CLANG_ENABLE_OBJC_ARC = YES;
				CLANG_ENABLE_OBJC_WEAK = YES;
				CLANG_WARN_BLOCK_CAPTURE_AUTORELEASING = YES;
				CLANG_WARN_BOOL_CONVERSION = YES;
				CLANG_WARN_COMMA = YES;
				CLANG_WARN_CONSTANT_CONVERSION = YES;
				CLANG_WARN_DEPRECATED_OBJC_IMPLEMENTATIONS = YES;
				CLANG_WARN_DIRECT_OBJC_ISA_USAGE = YES_ERROR;
				CLANG_WARN_DOCUMENTATION_COMMENTS = YES;
				CLANG_WARN_EMPTY_BODY = YES;
				CLANG_WARN_ENUM_CONVERSION = YES;
				CLANG_WARN_INFINITE_RECURSION = YES;
				CLANG_WARN_INT_CONVERSION = YES;
				CLANG_WARN_NON_LITERAL_NULL_CONVERSION = YES;
				CLANG_WARN_OBJC_IMPLICIT_RETAIN_SELF = YES;
				CLANG_WARN_OBJC_LITERAL_CONVERSION = YES;
				CLANG_WARN_OBJC_ROOT_CLASS = YES_ERROR;
				CLANG_WARN_QUOTED_INCLUDE_IN_FRAMEWORK_HEADER = YES;
				CLANG_WARN_RANGE_LOOP_ANALYSIS = YES;
				CLANG_WARN_STRICT_PROTOTYPES = YES;
				CLANG_WARN_SUSPICIOUS_MOVE = YES;
				CLANG_WARN_UNGUARDED_AVAILABILITY = YES_AGGRESSIVE;
				CLANG_WARN_UNREACHABLE_CODE = YES;
				CLANG_WARN__DUPLICATE_METHOD_MATCH = YES;
				COPY_PHASE_STRIP = NO;
				DEBUG_INFORMATION_FORMAT = "dwarf-with-dsym";
				ENABLE_NS_ASSERTIONS = NO;
				ENABLE_STRICT_OBJC_MSGSEND = YES;
				GCC_C_LANGUAGE_STANDARD = gnu11;
				GCC_NO_COMMON_BLOCKS = YES;
				GCC_WARN_64_TO_32_BIT_CONVERSION = YES;
				GCC_WARN_ABOUT_RETURN_TYPE = YES_ERROR;
				GCC_WARN_UNDECLARED_SELECTOR = YES;
				GCC_WARN_UNINITIALIZED_AUTOS = YES_AGGRESSIVE;
				GCC_WARN_UNUSED_FUNCTION = YES;
				GCC_WARN_UNUSED_VARIABLE = YES;
				IPHONEOS_DEPLOYMENT_TARGET = 15.5;
				MTL_ENABLE_DEBUG_INFO = NO;
				MTL_FAST_MATH = YES;
				SDKROOT = iphoneos;
				SWIFT_COMPILATION_MODE = wholemodule;
				SWIFT_OPTIMIZATION_LEVEL = "-O";
				VALIDATE_PRODUCT = YES;
			};
			name = Release;
		};
		52B412EE289707D400CB25AF /* Debug */ = {
			isa = XCBuildConfiguration;
			buildSettings = {
				ASSETCATALOG_COMPILER_APPICON_NAME = AppIcon;
				ASSETCATALOG_COMPILER_GLOBAL_ACCENT_COLOR_NAME = AccentColor;
				CODE_SIGN_STYLE = Automatic;
				CURRENT_PROJECT_VERSION = 1;
				DEVELOPMENT_TEAM = 5C95326WAT;
				GENERATE_INFOPLIST_FILE = YES;
				INFOPLIST_FILE = RandomUsers/Info.plist;
				INFOPLIST_KEY_UIApplicationSupportsIndirectInputEvents = YES;
				INFOPLIST_KEY_UILaunchStoryboardName = LaunchScreen;
				INFOPLIST_KEY_UISupportedInterfaceOrientations_iPad = "UIInterfaceOrientationPortrait UIInterfaceOrientationPortraitUpsideDown UIInterfaceOrientationLandscapeLeft UIInterfaceOrientationLandscapeRight";
				INFOPLIST_KEY_UISupportedInterfaceOrientations_iPhone = "UIInterfaceOrientationPortrait UIInterfaceOrientationLandscapeLeft UIInterfaceOrientationLandscapeRight";
				LD_RUNPATH_SEARCH_PATHS = (
					"$(inherited)",
					"@executable_path/Frameworks",
				);
				MARKETING_VERSION = 1.0;
				PRODUCT_BUNDLE_IDENTIFIER = com.DjellzaRrustemi.RandomUsers;
				PRODUCT_NAME = "$(TARGET_NAME)";
				SWIFT_EMIT_LOC_STRINGS = YES;
				SWIFT_VERSION = 5.0;
				TARGETED_DEVICE_FAMILY = "1,2";
			};
			name = Debug;
		};
		52B412EF289707D400CB25AF /* Release */ = {
			isa = XCBuildConfiguration;
			buildSettings = {
				ASSETCATALOG_COMPILER_APPICON_NAME = AppIcon;
				ASSETCATALOG_COMPILER_GLOBAL_ACCENT_COLOR_NAME = AccentColor;
				CODE_SIGN_STYLE = Automatic;
				CURRENT_PROJECT_VERSION = 1;
				DEVELOPMENT_TEAM = 5C95326WAT;
				GENERATE_INFOPLIST_FILE = YES;
				INFOPLIST_FILE = RandomUsers/Info.plist;
				INFOPLIST_KEY_UIApplicationSupportsIndirectInputEvents = YES;
				INFOPLIST_KEY_UILaunchStoryboardName = LaunchScreen;
				INFOPLIST_KEY_UISupportedInterfaceOrientations_iPad = "UIInterfaceOrientationPortrait UIInterfaceOrientationPortraitUpsideDown UIInterfaceOrientationLandscapeLeft UIInterfaceOrientationLandscapeRight";
				INFOPLIST_KEY_UISupportedInterfaceOrientations_iPhone = "UIInterfaceOrientationPortrait UIInterfaceOrientationLandscapeLeft UIInterfaceOrientationLandscapeRight";
				LD_RUNPATH_SEARCH_PATHS = (
					"$(inherited)",
					"@executable_path/Frameworks",
				);
				MARKETING_VERSION = 1.0;
				PRODUCT_BUNDLE_IDENTIFIER = com.DjellzaRrustemi.RandomUsers;
				PRODUCT_NAME = "$(TARGET_NAME)";
				SWIFT_EMIT_LOC_STRINGS = YES;
				SWIFT_VERSION = 5.0;
				TARGETED_DEVICE_FAMILY = "1,2";
			};
			name = Release;
		};
/* End XCBuildConfiguration section */

/* Begin XCConfigurationList section */
		52B412D4289707D300CB25AF /* Build configuration list for PBXProject "RandomUsers" */ = {
			isa = XCConfigurationList;
			buildConfigurations = (
				52B412EB289707D400CB25AF /* Debug */,
				52B412EC289707D400CB25AF /* Release */,
			);
			defaultConfigurationIsVisible = 0;
			defaultConfigurationName = Release;
		};
		52B412ED289707D400CB25AF /* Build configuration list for PBXNativeTarget "RandomUsers" */ = {
			isa = XCConfigurationList;
			buildConfigurations = (
				52B412EE289707D400CB25AF /* Debug */,
				52B412EF289707D400CB25AF /* Release */,
			);
			defaultConfigurationIsVisible = 0;
			defaultConfigurationName = Release;
		};
/* End XCConfigurationList section */
	};
	rootObject = 52B412D1289707D300CB25AF /* Project object */;
}
